<?xml version="1.0" encoding="utf-8"?>
<Project ToolsVersion="4.0" xmlns="http://schemas.microsoft.com/developer/msbuild/2003">
  <ItemGroup>
    <Filter Include="Source Files">
      <UniqueIdentifier>{4FC737F1-C7A5-4376-A066-2A32D752A2FF}</UniqueIdentifier>
      <Extensions>cpp;c;cc;cxx;def;odl;idl;hpj;bat;asm;asmx</Extensions>
    </Filter>
    <Filter Include="Header Files">
      <UniqueIdentifier>{93995380-89BD-4b04-88EB-625FBE52EBFB}</UniqueIdentifier>
      <Extensions>h;hh;hpp;hxx;hm;inl;inc;ipp;xsd</Extensions>
    </Filter>
    <Filter Include="Resource Files">
      <UniqueIdentifier>{67DA6AB6-F800-4c08-8B7A-83BB121AAD01}</UniqueIdentifier>
      <Extensions>rc;ico;cur;bmp;dlg;rc2;rct;bin;rgs;gif;jpg;jpeg;jpe;resx;tiff;tif;png;wav;mfcribbon-ms</Extensions>
    </Filter>
    <Filter Include="Header Files\OpenGL">
      <UniqueIdentifier>{ec7175a9-a70d-45ff-8eb3-7d4f4eecbb37}</UniqueIdentifier>
    </Filter>
    <Filter Include="Source Files\OpenGL">
      <UniqueIdentifier>{e32d883b-d922-4948-9068-80827cfcf8a0}</UniqueIdentifier>
    </Filter>
    <Filter Include="Header Files\GameObjects">
      <UniqueIdentifier>{33bd224a-9dba-4219-8fa8-6cecc5181b0e}</UniqueIdentifier>
    </Filter>
    <Filter Include="Source Files\GameObjects">
      <UniqueIdentifier>{69da1438-52a4-4ab5-a769-928802fd808d}</UniqueIdentifier>
    </Filter>
  </ItemGroup>
  <ItemGroup>
    <ClCompile Include="src\main.cpp">
      <Filter>Source Files</Filter>
    </ClCompile>
    <ClCompile Include="src\LuaEngine.cpp">
      <Filter>Source Files</Filter>
    </ClCompile>
    <ClCompile Include="src\Log.cpp">
      <Filter>Source Files</Filter>
    </ClCompile>
    <ClCompile Include="src\DarkSun.cpp">
      <Filter>Source Files</Filter>
    </ClCompile>
    <ClCompile Include="src\ApplicationSettings.cpp">
      <Filter>Source Files</Filter>
    </ClCompile>
    <ClCompile Include="src\DarkSunProfiler.cpp">
      <Filter>Source Files</Filter>
    </ClCompile>
    <ClCompile Include="src\Mesh.cpp">
      <Filter>Source Files\OpenGL</Filter>
    </ClCompile>
    <ClCompile Include="src\Model.cpp">
      <Filter>Source Files\OpenGL</Filter>
    </ClCompile>
    <ClCompile Include="src\MultiThreadedOpenGL.cpp">
      <Filter>Source Files\OpenGL</Filter>
    </ClCompile>
    <ClCompile Include="src\Renderable.cpp">
      <Filter>Source Files\OpenGL</Filter>
    </ClCompile>
    <ClCompile Include="src\Renderer.cpp">
      <Filter>Source Files\OpenGL</Filter>
    </ClCompile>
    <ClCompile Include="src\Entity.cpp">
      <Filter>Source Files\GameObjects</Filter>
    </ClCompile>
    <ClCompile Include="src\Map.cpp">
      <Filter>Source Files\GameObjects</Filter>
    </ClCompile>
    <ClCompile Include="src\Scene.cpp">
      <Filter>Source Files\GameObjects</Filter>
    </ClCompile>
    <ClCompile Include="src\UiHandler.cpp">
      <Filter>Source Files\GameObjects</Filter>
    </ClCompile>
  </ItemGroup>
  <ItemGroup>
    <ClInclude Include="src\Entity.hpp">
      <Filter>Header Files\GameObjects</Filter>
    </ClInclude>
    <ClInclude Include="src\Map.hpp">
      <Filter>Header Files\GameObjects</Filter>
    </ClInclude>
    <ClInclude Include="src\Scene.hpp">
      <Filter>Header Files\GameObjects</Filter>
    </ClInclude>
    <ClInclude Include="src\UiHandler.hpp">
      <Filter>Header Files\GameObjects</Filter>
    </ClInclude>
    <ClInclude Include="src\Camera.hpp">
      <Filter>Header Files\OpenGL</Filter>
    </ClInclude>
    <ClInclude Include="src\Mesh.hpp">
      <Filter>Header Files\OpenGL</Filter>
    </ClInclude>
    <ClInclude Include="src\Model.hpp">
      <Filter>Header Files\OpenGL</Filter>
    </ClInclude>
    <ClInclude Include="src\MultiThreadedOpenGL.hpp">
      <Filter>Header Files\OpenGL</Filter>
    </ClInclude>
    <ClInclude Include="src\OpenGLStructs.hpp">
      <Filter>Header Files\OpenGL</Filter>
    </ClInclude>
    <ClInclude Include="src\Renderable.hpp">
      <Filter>Header Files\OpenGL</Filter>
    </ClInclude>
    <ClInclude Include="src\Renderer.hpp">
      <Filter>Header Files\OpenGL</Filter>
    </ClInclude>
    <ClInclude Include="src\Shader.hpp">
      <Filter>Header Files\OpenGL</Filter>
    </ClInclude>
    <ClInclude Include="src\ApplicationSettings.hpp">
      <Filter>Header Files</Filter>
    </ClInclude>
    <ClInclude Include="src\DarkSun.hpp">
      <Filter>Header Files</Filter>
    </ClInclude>
    <ClInclude Include="src\DarkSunProfiler.hpp">
      <Filter>Header Files</Filter>
    </ClInclude>
    <ClInclude Include="src\Log.hpp">
      <Filter>Header Files</Filter>
    </ClInclude>
    <ClInclude Include="src\LuaEngine.hpp">
      <Filter>Header Files</Filter>
    </ClInclude>
    <ClInclude Include="src\stb_image.hpp">
      <Filter>Header Files</Filter>
    </ClInclude>
  </ItemGroup>
</Project>